
Microsoft Visual Studio Solution File, Format Version 12.00
# Visual Studio 14
VisualStudioVersion = 14.0.24720.0
MinimumVisualStudioVersion = 10.0.40219.1
Project("{FAE04EC0-301F-11D3-BF4B-00C04F79EFBC}") = "HotBot.Core", "HotBot.Core\HotBot.Core.csproj", "{AFD7D526-9449-4EC9-834B-A2E1DBFE00F3}"
EndProject
Project("{FAE04EC0-301F-11D3-BF4B-00C04F79EFBC}") = "HotBot.Core.Tests", "HotBot.Core.Tests\HotBot.Core.Tests.csproj", "{2C8E5E32-A775-4DA3-8610-18FAF2BF326E}"
EndProject
Project("{FAE04EC0-301F-11D3-BF4B-00C04F79EFBC}") = "HotBot", "HotBot\HotBot.csproj", "{B77B54F8-F5C6-4C2D-8911-D26CFCF3B588}"
EndProject
Project("{FAE04EC0-301F-11D3-BF4B-00C04F79EFBC}") = "HotBot.Plugins.Lottery", "HotBot.Plugins.Lottery\HotBot.Plugins.Lottery.csproj", "{53F07DF6-6860-480F-A8EF-778F62D7ACA4}"
EndProject
Project("{FAE04EC0-301F-11D3-BF4B-00C04F79EFBC}") = "HotBot.Testing", "HotBot.Testing\HotBot.Testing.csproj", "{7EE69935-9D44-4F7C-B9E2-D83B6D2801D3}"
EndProject
Project("{FAE04EC0-301F-11D3-BF4B-00C04F79EFBC}") = "HotBot.Plugins.QuickVote", "HotBot.Plugins.QuickVote\HotBot.Plugins.QuickVote.csproj", "{6D0304B7-78BD-480A-8E6F-10E2B51FD79F}"
EndProject
Project("{FAE04EC0-301F-11D3-BF4B-00C04F79EFBC}") = "HotBot.Plugins.QuickVote.Tests", "HotBot.Plugins.QuickVote.Tests\HotBot.Plugins.QuickVote.Tests.csproj", "{9911A6DF-55A0-40C4-813E-34D7D8A2B921}"
EndProject
Global
	GlobalSection(SolutionConfigurationPlatforms) = preSolution
		Debug|Any CPU = Debug|Any CPU
		Release|Any CPU = Release|Any CPU
	EndGlobalSection
	GlobalSection(ProjectConfigurationPlatforms) = postSolution
		{AFD7D526-9449-4EC9-834B-A2E1DBFE00F3}.Debug|Any CPU.ActiveCfg = Debug|Any CPU
		{AFD7D526-9449-4EC9-834B-A2E1DBFE00F3}.Debug|Any CPU.Build.0 = Debug|Any CPU
		{AFD7D526-9449-4EC9-834B-A2E1DBFE00F3}.Release|Any CPU.ActiveCfg = Release|Any CPU
		{AFD7D526-9449-4EC9-834B-A2E1DBFE00F3}.Release|Any CPU.Build.0 = Release|Any CPU
		{2C8E5E32-A775-4DA3-8610-18FAF2BF326E}.Debug|Any CPU.ActiveCfg = Debug|Any CPU
		{2C8E5E32-A775-4DA3-8610-18FAF2BF326E}.Debug|Any CPU.Build.0 = Debug|Any CPU
		{2C8E5E32-A775-4DA3-8610-18FAF2BF326E}.Release|Any CPU.ActiveCfg = Release|Any CPU
		{2C8E5E32-A775-4DA3-8610-18FAF2BF326E}.Release|Any CPU.Build.0 = Release|Any CPU
		{B77B54F8-F5C6-4C2D-8911-D26CFCF3B588}.Debug|Any CPU.ActiveCfg = Debug|Any CPU
		{B77B54F8-F5C6-4C2D-8911-D26CFCF3B588}.Debug|Any CPU.Build.0 = Debug|Any CPU
		{B77B54F8-F5C6-4C2D-8911-D26CFCF3B588}.Release|Any CPU.ActiveCfg = Release|Any CPU
		{B77B54F8-F5C6-4C2D-8911-D26CFCF3B588}.Release|Any CPU.Build.0 = Release|Any CPU
		{53F07DF6-6860-480F-A8EF-778F62D7ACA4}.Debug|Any CPU.ActiveCfg = Debug|Any CPU
		{53F07DF6-6860-480F-A8EF-778F62D7ACA4}.Debug|Any CPU.Build.0 = Debug|Any CPU
		{53F07DF6-6860-480F-A8EF-778F62D7ACA4}.Release|Any CPU.ActiveCfg = Release|Any CPU
		{53F07DF6-6860-480F-A8EF-778F62D7ACA4}.Release|Any CPU.Build.0 = Release|Any CPU
		{7EE69935-9D44-4F7C-B9E2-D83B6D2801D3}.Debug|Any CPU.ActiveCfg = Debug|Any CPU
		{7EE69935-9D44-4F7C-B9E2-D83B6D2801D3}.Debug|Any CPU.Build.0 = Debug|Any CPU
		{7EE69935-9D44-4F7C-B9E2-D83B6D2801D3}.Release|Any CPU.ActiveCfg = Release|Any CPU
		{7EE69935-9D44-4F7C-B9E2-D83B6D2801D3}.Release|Any CPU.Build.0 = Release|Any CPU
		{6D0304B7-78BD-480A-8E6F-10E2B51FD79F}.Debug|Any CPU.ActiveCfg = Debug|Any CPU
		{6D0304B7-78BD-480A-8E6F-10E2B51FD79F}.Debug|Any CPU.Build.0 = Debug|Any CPU
		{6D0304B7-78BD-480A-8E6F-10E2B51FD79F}.Release|Any CPU.ActiveCfg = Release|Any CPU
		{6D0304B7-78BD-480A-8E6F-10E2B51FD79F}.Release|Any CPU.Build.0 = Release|Any CPU
		{9911A6DF-55A0-40C4-813E-34D7D8A2B921}.Debug|Any CPU.ActiveCfg = Debug|Any CPU
		{9911A6DF-55A0-40C4-813E-34D7D8A2B921}.Debug|Any CPU.Build.0 = Debug|Any CPU
		{9911A6DF-55A0-40C4-813E-34D7D8A2B921}.Release|Any CPU.ActiveCfg = Release|Any CPU
		{9911A6DF-55A0-40C4-813E-34D7D8A2B921}.Release|Any CPU.Build.0 = Release|Any CPU
	EndGlobalSection
	GlobalSection(SolutionProperties) = preSolution
		HideSolutionNode = FALSE
	EndGlobalSection
EndGlobal
